
Microsoft Visual Studio Solution File, Format Version 12.00
# Visual Studio 15
VisualStudioVersion = 15.0.28307.329
MinimumVisualStudioVersion = 10.0.40219.1
Project("{FAE04EC0-301F-11D3-BF4B-00C04F79EFBC}") = "AutobuAsa", "AutobuAsa\AutobuAsa.csproj", "{1EBAA221-C7AA-4F02-94BA-B97A0F5FC91D}"
EndProject
Project("{FAE04EC0-301F-11D3-BF4B-00C04F79EFBC}") = "AutobuAsa.Tests", "AutobuAsa.Tests\AutobuAsa.Tests.csproj", "{53FB9A27-47DF-4070-9C6C-87E16E9BF24C}"
EndProject
Global
	GlobalSection(SolutionConfigurationPlatforms) = preSolution
		Debug|Any CPU = Debug|Any CPU
		Release|Any CPU = Release|Any CPU
	EndGlobalSection
	GlobalSection(ProjectConfigurationPlatforms) = postSolution
		{1EBAA221-C7AA-4F02-94BA-B97A0F5FC91D}.Debug|Any CPU.ActiveCfg = Debug|Any CPU
		{1EBAA221-C7AA-4F02-94BA-B97A0F5FC91D}.Debug|Any CPU.Build.0 = Debug|Any CPU
		{1EBAA221-C7AA-4F02-94BA-B97A0F5FC91D}.Release|Any CPU.ActiveCfg = Release|Any CPU
		{1EBAA221-C7AA-4F02-94BA-B97A0F5FC91D}.Release|Any CPU.Build.0 = Release|Any CPU
		{53FB9A27-47DF-4070-9C6C-87E16E9BF24C}.Debug|Any CPU.ActiveCfg = Debug|Any CPU
		{53FB9A27-47DF-4070-9C6C-87E16E9BF24C}.Debug|Any CPU.Build.0 = Debug|Any CPU
		{53FB9A27-47DF-4070-9C6C-87E16E9BF24C}.Release|Any CPU.ActiveCfg = Release|Any CPU
		{53FB9A27-47DF-4070-9C6C-87E16E9BF24C}.Release|Any CPU.Build.0 = Release|Any CPU
	EndGlobalSection
	GlobalSection(SolutionProperties) = preSolution
		HideSolutionNode = FALSE
	EndGlobalSection
	GlobalSection(ExtensibilityGlobals) = postSolution
		SolutionGuid = {0198909F-015B-48B2-9D19-C87BFCA527C1}
	EndGlobalSection
EndGlobal
